#MicroXplorer Configuration settings - do not modify
Mcu.Family=STM32F1
ProjectManager.MainLocation=Core/Src
RCC.MCOFreq_Value=72000000
PCC.Series=STM32F1
I2C2.IPParameters=ClockSpeed,I2C_Mode
ProjectManager.KeepUserCode=true
Mcu.UserName=STM32F103C8Tx
SPI2.VirtualType=VM_MASTER
PB10.Mode=I2C
PCC.Seq0.Step0.CPU_Frequency=8 MHz
USART1.BaudRate=921600
PCC.Seq0.Step0.User's_Consumption=0 mA
RCC.PLLCLKFreq_Value=72000000
PC13-TAMPER-RTC.GPIOParameters=GPIO_Label,GPIO_ModeDefaultOutputPP
PA3.GPIO_PuPd=GPIO_PULLUP
PA7.GPIO_Mode=GPIO_MODE_INPUT
ProjectManager.functionlistsort=1-MX_GPIO_Init-GPIO-false-HAL-true,2-SystemClock_Config-RCC-false-HAL-false,3-MX_USART1_UART_Init-USART1-false-HAL-true,4-MX_CAN_Init-CAN-true-HAL-false,5-MX_I2C2_Init-I2C2-false-HAL-true,6-MX_SPI2_Init-SPI2-false-HAL-true
PA11.Mode=CAN_Activate
PA3.GPIOParameters=GPIO_PuPd,GPIO_Label,GPIO_Mode
RCC.ADCFreqValue=9000000
PA6.GPIO_Label=DIP4
PB0.GPIO_Label=DIP6
CAN.SJW=CAN_SJW_4TQ
USART1.IPParameters=VirtualMode,BaudRate
PB11.Signal=I2C2_SDA
PB13.Signal=SPI2_SCK
PB15.Signal=SPI2_MOSI
PA2.GPIOParameters=GPIO_Label
PC15-OSC32_OUT.GPIO_Label=RLY_MOSI
PinOutPanel.RotationAngle=0
RCC.SYSCLKSource=RCC_SYSCLKSOURCE_PLLCLK
ProjectManager.StackSize=0x400
PB5.GPIOParameters=GPIO_Label
PA6.GPIO_Mode=GPIO_MODE_INPUT
PD1-OSC_OUT.Signal=RCC_OSC_OUT
Mcu.IP4=SPI2
RCC.FCLKCortexFreq_Value=72000000
Mcu.IP5=SYS
Mcu.IP2=NVIC
NVIC.SVCall_IRQn=true\:0\:0\:false\:false\:true\:false\:false
Mcu.IP3=RCC
PB4.GPIOParameters=PinState,GPIO_Label
Mcu.IP0=CAN
Mcu.IP1=I2C2
PA12.Signal=CAN_TX
CAN.Prescaler=40
PCC.PartNumber=STM32F103C8Tx
Mcu.UserConstants=
Mcu.ThirdPartyNb=0
PB1.GPIO_PuPd=GPIO_PULLUP
RCC.HCLKFreq_Value=72000000
Mcu.IPNb=7
ProjectManager.PreviousToolchain=STM32CubeIDE
RCC.APB2TimFreq_Value=72000000
PB12.PinState=GPIO_PIN_SET
PA8.GPIOParameters=GPIO_Speed,PinState,GPIO_Label,GPIO_ModeDefaultOutputPP
Mcu.Pin6=PA2
Mcu.Pin7=PA3
Mcu.Pin8=PA4
Mcu.Pin9=PA5
RCC.AHBFreq_Value=72000000
SPI2.BaudRatePrescaler=SPI_BAUDRATEPRESCALER_8
Mcu.Pin0=PC13-TAMPER-RTC
Mcu.Pin1=PC14-OSC32_IN
GPIO.groupedBy=Group By Peripherals
Mcu.Pin2=PC15-OSC32_OUT
Mcu.Pin3=PD0-OSC_IN
Mcu.Pin4=PD1-OSC_OUT
Mcu.Pin5=PA1
ProjectManager.ProjectBuild=false
NVIC.UsageFault_IRQn=true\:0\:0\:false\:false\:true\:false\:false
NVIC.DebugMonitor_IRQn=true\:0\:0\:false\:false\:true\:false\:false
PA4.GPIO_PuPd=GPIO_PULLUP
PB2.Signal=GPIO_Input
PB3.Mode=Trace_Asynchronous_SW
PB12.GPIO_ModeDefaultOutputPP=GPIO_MODE_OUTPUT_OD
PCC.Seq0.Step0.Voltage_Source=Battery
PCC.Seq0.Step0.DMIPS=10.0
NVIC.SysTick_IRQn=true\:0\:0\:false\:false\:true\:false\:true
RCC.PLLMUL=RCC_PLL_MUL9
PB12.GPIO_Label=DO_G
ProjectManager.FirmwarePackage=STM32Cube FW_F1 V1.8.3
MxDb.Version=DB.6.0.10
PB0.GPIOParameters=GPIO_PuPd,GPIO_Label,GPIO_Mode
PA6.GPIO_PuPd=GPIO_PULLUP
PA1.GPIOParameters=PinState,GPIO_Label,GPIO_ModeDefaultOutputPP
ProjectManager.BackupPrevious=false
PA14.Mode=Trace_Asynchronous_SW
PB14.Mode=Full_Duplex_Master
PB1.GPIO_Label=DIP7
PA5.GPIO_PuPd=GPIO_PULLUP
CAN.NART=ENABLE
File.Version=6
SPI2.CalculateBaudRate=4.5 MBits/s
PA8.Signal=GPIO_Output
PA8.GPIO_ModeDefaultOutputPP=GPIO_MODE_OUTPUT_OD
NVIC.PendSV_IRQn=true\:0\:0\:false\:false\:true\:false\:false
CAN.CalculateTimeQuantum=1111.111111111111
ProjectManager.HalAssertFull=false
PB2.GPIO_PuPd=GPIO_PULLUP
PA1.Stacked=true
PC14-OSC32_IN.GPIOParameters=GPIO_Label
ProjectManager.ProjectName=MALT191105.FW
RCC.PLLMCOFreq_Value=36000000
PCC.Seq0.Step0.Oscillator=HSE
Mcu.Package=LQFP48
PB1.Signal=GPIO_Input
PA6.Signal=GPIO_Input
SPI2.Mode=SPI_MODE_MASTER
PB0.GPIO_Mode=GPIO_MODE_INPUT
ProjectManager.ToolChainLocation=
PA2.GPIO_Label=LIVE_LED
VP_SYS_VS_Systick.Signal=SYS_VS_Systick
PA10.Signal=USART1_RX
PCC.Checker=false
PA5.GPIOParameters=GPIO_PuPd,GPIO_Label,GPIO_Mode
PA1.PinState=GPIO_PIN_SET
PCC.Seq0.Step0.Duration=1 ms
PB5.GPIO_Label=DI_CE
PC15-OSC32_OUT.GPIO_ModeDefaultOutputPP=GPIO_MODE_OUTPUT_OD
RCC.APB1TimFreq_Value=72000000
NVIC.BusFault_IRQn=true\:0\:0\:false\:false\:true\:false\:false
PCC.Seq0.Step0.Peripherals=
PC14-OSC32_IN.GPIO_Label=RLY_MISO
SPI2.Direction=SPI_DIRECTION_2LINES
PB13.Mode=Full_Duplex_Master
PC15-OSC32_OUT.GPIOParameters=GPIO_Label,GPIO_ModeDefaultOutputPP
PB4.PinState=GPIO_PIN_SET
I2C2.I2C_Mode=I2C_Fast
PA4.GPIO_Label=DIP2
PA8.GPIO_Speed=GPIO_SPEED_FREQ_HIGH
ProjectManager.CustomerFirmwarePackage=
PA8.PinState=GPIO_PIN_RESET
PB4.Signal=GPIO_Output
PA3.Signal=GPIO_Input
PA6.GPIOParameters=GPIO_PuPd,GPIO_Label,GPIO_Mode
RCC.PLLSourceVirtual=RCC_PLLSOURCE_HSE
PCC.Seq0.Step0.Category=In DS Table
ProjectManager.ProjectFileName=MALT191105.FW.ioc
PD1-OSC_OUT.Mode=HSE-External-Oscillator
PA10.Mode=Asynchronous
Mcu.PinsNb=32
PCC.Seq0.Step0.Average_Current=4.6 mA
PCC.Vdd=3.3
ProjectManager.NoMain=false
CAN.CalculateBaudRate=50000
PC13-TAMPER-RTC.Signal=GPIO_Output
ProjectManager.DefaultFWLocation=true
PD0-OSC_IN.Signal=RCC_OSC_IN
ProjectManager.DeletePrevious=true
PCC.Line=STM32F103
RCC.APB1CLKDivider=RCC_HCLK_DIV2
PC14-OSC32_IN.Signal=GPIO_Input
CAN.CalculateTimeBit=19999.99
RCC.FamilyName=M
RCC.ADCPresc=RCC_ADCPCLK2_DIV8
PA13.Signal=SYS_JTMS-SWDIO
PCC.Seq0.Step0.TaMax=104.17
PCC.MCU=STM32F103C(8-B)Tx
PA9.Mode=Asynchronous
CAN.BS2=CAN_BS2_2TQ
PA8.GPIO_Label=RLY_WR
CAN.BS1=CAN_BS1_15TQ
PB11.Mode=I2C
ProjectManager.TargetToolchain=STM32CubeIDE
PA3.GPIO_Mode=GPIO_MODE_INPUT
PCC.Seq0.Step0.Mode=RUN
PB1.GPIO_Mode=GPIO_MODE_INPUT
PB2.GPIOParameters=GPIO_PuPd,GPIO_Label,GPIO_Mode
PA9.Signal=USART1_TX
PB5.Locked=true
SPI2.IPParameters=VirtualType,Mode,Direction,CalculateBaudRate,BaudRatePrescaler
ProjectManager.RegisterCallBack=
RCC.USBFreq_Value=72000000
PC15-OSC32_OUT.Signal=GPIO_Output
PA7.GPIO_PuPd=GPIO_PULLUP
PA1.Signal=GPIO_Output
PD0-OSC_IN.Mode=HSE-External-Oscillator
PB10.Signal=I2C2_SCL
PB14.Signal=SPI2_MISO
PA5.Signal=GPIO_Input
board=custom
PCC.Temperature=25
ProjectManager.LastFirmware=true
PC13-TAMPER-RTC.GPIO_Label=RLY_CLK
PB15.Mode=Full_Duplex_Master
RCC.VCOOutput2Freq_Value=8000000
PA4.GPIO_Mode=GPIO_MODE_INPUT
RCC.APB2Freq_Value=72000000
PB2.GPIO_Mode=GPIO_MODE_INPUT
PCC.Seq0.Step0.Frequency=8 MHz
PCC.Seq0.Step0.Vcore=No Scale
MxCube.Version=6.1.0
PB4.GPIO_Label=EEP_ON
PB15.GPIO_Speed=GPIO_SPEED_FREQ_HIGH
I2C2.ClockSpeed=1000
NVIC.USB_LP_CAN1_RX0_IRQn=true\:1\:0\:true\:false\:true\:true\:true
Mcu.Pin30=PB5
PA1.GPIO_Label=FAIL_LED
VP_SYS_VS_Systick.Mode=SysTick
Mcu.Pin31=VP_SYS_VS_Systick
NVIC.NonMaskableInt_IRQn=true\:0\:0\:false\:false\:true\:false\:false
PA4.GPIOParameters=GPIO_PuPd,GPIO_Label,GPIO_Mode
CAN.IPParameters=CalculateTimeQuantum,CalculateTimeBit,Prescaler,BS1,BS2,SJW,NART,CalculateBaudRate
PB15.GPIOParameters=GPIO_Speed
PA13.Mode=Trace_Asynchronous_SW
ProjectManager.FreePins=false
RCC.IPParameters=ADCFreqValue,ADCPresc,AHBFreq_Value,APB1CLKDivider,APB1Freq_Value,APB1TimFreq_Value,APB2Freq_Value,APB2TimFreq_Value,FCLKCortexFreq_Value,FamilyName,HCLKFreq_Value,MCOFreq_Value,PLLCLKFreq_Value,PLLMCOFreq_Value,PLLMUL,PLLSourceVirtual,SYSCLKFreq_VALUE,SYSCLKSource,TimSysFreq_Value,USBFreq_Value,VCOOutput2Freq_Value
ProjectManager.AskForMigrate=true
Mcu.Name=STM32F103C(8-B)Tx
Mcu.Pin26=PA13
Mcu.Pin27=PA14
PA2.Signal=GPIO_Output
Mcu.Pin24=PA11
ProjectManager.UnderRoot=true
Mcu.Pin25=PA12
Mcu.Pin28=PB3
Mcu.IP6=USART1
Mcu.Pin29=PB4
ProjectManager.CoupleFile=false
PCC.Seq0.Step0.Memory=FLASH
PB3.Signal=SYS_JTDO-TRACESWO
PA4.Signal=GPIO_Input
RCC.SYSCLKFreq_VALUE=72000000
PC13-TAMPER-RTC.GPIO_ModeDefaultOutputPP=GPIO_MODE_OUTPUT_OD
Mcu.Pin22=PA9
PB5.Signal=GPIO_Output
Mcu.Pin23=PA10
RCC.TimSysFreq_Value=72000000
PA1.Locked=false
PA7.GPIO_Label=DIP5
Mcu.Pin20=PB15
Mcu.Pin21=PA8
PA12.Mode=CAN_Activate
PA5.GPIO_Label=DIP3
NVIC.ForceEnableDMAVector=true
KeepUserPlacement=false
NVIC.MemoryManagement_IRQn=true\:0\:0\:false\:false\:true\:false\:false
USART1.VirtualMode=VM_ASYNC
ProjectManager.CompilerOptimize=6
PA11.Signal=CAN_RX
PA14.Signal=SYS_JTCK-SWCLK
PB2.GPIO_Label=DIP8
ProjectManager.HeapSize=0x200
Mcu.Pin15=PB10
NVIC.HardFault_IRQn=true\:0\:0\:false\:false\:true\:false\:false
Mcu.Pin16=PB11
Mcu.Pin13=PB1
Mcu.Pin14=PB2
Mcu.Pin19=PB14
ProjectManager.ComputerToolchain=false
Mcu.Pin17=PB12
Mcu.Pin18=PB13
NVIC.PriorityGroup=NVIC_PRIORITYGROUP_4
Mcu.Pin11=PA7
Mcu.Pin12=PB0
Mcu.Pin10=PA6
PCC.Seq0.Step0.Vdd=3.3
PCC.Seq0=1
RCC.APB1Freq_Value=36000000
PA5.GPIO_Mode=GPIO_MODE_INPUT
PB0.Signal=GPIO_Input
PA7.GPIOParameters=GPIO_PuPd,GPIO_Label,GPIO_Mode
ProjectManager.DeviceId=STM32F103C8Tx
PB12.GPIOParameters=PinState,GPIO_Label,GPIO_ModeDefaultOutputPP
PB12.Signal=GPIO_Output
ProjectManager.LibraryCopy=1
PB0.GPIO_PuPd=GPIO_PULLUP
PA3.GPIO_Label=DIP1
PB1.GPIOParameters=GPIO_PuPd,GPIO_Label,GPIO_Mode
PA7.Signal=GPIO_Input
PA1.GPIO_ModeDefaultOutputPP=GPIO_MODE_OUTPUT_OD
